// !$*UTF8*$!
{
	archiveVersion = 1;
	classes = {
	};
	objectVersion = 56;
	objects = {

/* Begin PBXBuildFile section */
		3F2BBEEE2A2D0095008719FD /* oneDot3.swift in Sources */ = {isa = PBXBuildFile; fileRef = 3F2BBEED2A2D0095008719FD /* oneDot3.swift */; };
		3F2BBEF22A2D013D008719FD /* oneDot4.swift in Sources */ = {isa = PBXBuildFile; fileRef = 3F2BBEF12A2D013D008719FD /* oneDot4.swift */; };
		3F2BBEF52A2D03C9008719FD /* Bookworm.xcdatamodeld in Sources */ = {isa = PBXBuildFile; fileRef = 3F2BBEF32A2D03C9008719FD /* Bookworm.xcdatamodeld */; };
		3F2BBEF72A2D045D008719FD /* DataController.swift in Sources */ = {isa = PBXBuildFile; fileRef = 3F2BBEF62A2D045D008719FD /* DataController.swift */; };
		3F6A413A2A2A6E580021EAA4 /* BookwormApp.swift in Sources */ = {isa = PBXBuildFile; fileRef = 3F6A41392A2A6E580021EAA4 /* BookwormApp.swift */; };
		3F6A413C2A2A6E580021EAA4 /* ContentView.swift in Sources */ = {isa = PBXBuildFile; fileRef = 3F6A413B2A2A6E580021EAA4 /* ContentView.swift */; };
		3F6A413E2A2A6E5A0021EAA4 /* Assets.xcassets in Resources */ = {isa = PBXBuildFile; fileRef = 3F6A413D2A2A6E5A0021EAA4 /* Assets.xcassets */; };
		3F6A41412A2A6E5A0021EAA4 /* Preview Assets.xcassets in Resources */ = {isa = PBXBuildFile; fileRef = 3F6A41402A2A6E5A0021EAA4 /* Preview Assets.xcassets */; };
		3F6A414B2A2A6E5A0021EAA4 /* BookwormTests.swift in Sources */ = {isa = PBXBuildFile; fileRef = 3F6A414A2A2A6E5A0021EAA4 /* BookwormTests.swift */; };
		3F6A41552A2A6E5A0021EAA4 /* BookwormUITests.swift in Sources */ = {isa = PBXBuildFile; fileRef = 3F6A41542A2A6E5A0021EAA4 /* BookwormUITests.swift */; };
		3F6A41572A2A6E5A0021EAA4 /* BookwormUITestsLaunchTests.swift in Sources */ = {isa = PBXBuildFile; fileRef = 3F6A41562A2A6E5A0021EAA4 /* BookwormUITestsLaunchTests.swift */; };
		3FECBF292A2BA195001D30A8 /* oneDot2.swift in Sources */ = {isa = PBXBuildFile; fileRef = 3FECBF282A2BA194001D30A8 /* oneDot2.swift */; };
/* End PBXBuildFile section */

/* Begin PBXContainerItemProxy section */
		3F6A41472A2A6E5A0021EAA4 /* PBXContainerItemProxy */ = {
			isa = PBXContainerItemProxy;
			containerPortal = 3F6A412E2A2A6E580021EAA4 /* Project object */;
			proxyType = 1;
			remoteGlobalIDString = 3F6A41352A2A6E580021EAA4;
			remoteInfo = Bookworm;
		};
		3F6A41512A2A6E5A0021EAA4 /* PBXContainerItemProxy */ = {
			isa = PBXContainerItemProxy;
			containerPortal = 3F6A412E2A2A6E580021EAA4 /* Project object */;
			proxyType = 1;
			remoteGlobalIDString = 3F6A41352A2A6E580021EAA4;
			remoteInfo = Bookworm;
		};
/* End PBXContainerItemProxy section */

/* Begin PBXFileReference section */
		3F2BBEEB2A2CFFDE008719FD /* TODO.md */ = {isa = PBXFileReference; lastKnownFileType = net.daringfireball.markdown; path = TODO.md; sourceTree = "<group>"; };
		3F2BBEED2A2D0095008719FD /* oneDot3.swift */ = {isa = PBXFileReference; lastKnownFileType = sourcecode.swift; path = oneDot3.swift; sourceTree = "<group>"; };
		3F2BBEF12A2D013D008719FD /* oneDot4.swift */ = {isa = PBXFileReference; lastKnownFileType = sourcecode.swift; path = oneDot4.swift; sourceTree = "<group>"; };
		3F2BBEF42A2D03C9008719FD /* Bookworm.xcdatamodel */ = {isa = PBXFileReference; lastKnownFileType = wrapper.xcdatamodel; path = Bookworm.xcdatamodel; sourceTree = "<group>"; };
		3F2BBEF62A2D045D008719FD /* DataController.swift */ = {isa = PBXFileReference; lastKnownFileType = sourcecode.swift; path = DataController.swift; sourceTree = "<group>"; };
		3F2BBEF82A2D0D52008719FD /* RFER.md */ = {isa = PBXFileReference; lastKnownFileType = net.daringfireball.markdown; path = RFER.md; sourceTree = "<group>"; };
		3F6A41362A2A6E580021EAA4 /* Bookworm.app */ = {isa = PBXFileReference; explicitFileType = wrapper.application; includeInIndex = 0; path = Bookworm.app; sourceTree = BUILT_PRODUCTS_DIR; };
		3F6A41392A2A6E580021EAA4 /* BookwormApp.swift */ = {isa = PBXFileReference; lastKnownFileType = sourcecode.swift; path = BookwormApp.swift; sourceTree = "<group>"; };
		3F6A413B2A2A6E580021EAA4 /* ContentView.swift */ = {isa = PBXFileReference; lastKnownFileType = sourcecode.swift; path = ContentView.swift; sourceTree = "<group>"; };
		3F6A413D2A2A6E5A0021EAA4 /* Assets.xcassets */ = {isa = PBXFileReference; lastKnownFileType = folder.assetcatalog; path = Assets.xcassets; sourceTree = "<group>"; };
		3F6A41402A2A6E5A0021EAA4 /* Preview Assets.xcassets */ = {isa = PBXFileReference; lastKnownFileType = folder.assetcatalog; path = "Preview Assets.xcassets"; sourceTree = "<group>"; };
		3F6A41462A2A6E5A0021EAA4 /* BookwormTests.xctest */ = {isa = PBXFileReference; explicitFileType = wrapper.cfbundle; includeInIndex = 0; path = BookwormTests.xctest; sourceTree = BUILT_PRODUCTS_DIR; };
		3F6A414A2A2A6E5A0021EAA4 /* BookwormTests.swift */ = {isa = PBXFileReference; lastKnownFileType = sourcecode.swift; path = BookwormTests.swift; sourceTree = "<group>"; };
		3F6A41502A2A6E5A0021EAA4 /* BookwormUITests.xctest */ = {isa = PBXFileReference; explicitFileType = wrapper.cfbundle; includeInIndex = 0; path = BookwormUITests.xctest; sourceTree = BUILT_PRODUCTS_DIR; };
		3F6A41542A2A6E5A0021EAA4 /* BookwormUITests.swift */ = {isa = PBXFileReference; lastKnownFileType = sourcecode.swift; path = BookwormUITests.swift; sourceTree = "<group>"; };
		3F6A41562A2A6E5A0021EAA4 /* BookwormUITestsLaunchTests.swift */ = {isa = PBXFileReference; lastKnownFileType = sourcecode.swift; path = BookwormUITestsLaunchTests.swift; sourceTree = "<group>"; };
		3F6A41632A2A6EA30021EAA4 /* README.md */ = {isa = PBXFileReference; lastKnownFileType = net.daringfireball.markdown; path = README.md; sourceTree = "<group>"; };
		3FECBF282A2BA194001D30A8 /* oneDot2.swift */ = {isa = PBXFileReference; lastKnownFileType = sourcecode.swift; path = oneDot2.swift; sourceTree = "<group>"; };
/* End PBXFileReference section */

/* Begin PBXFrameworksBuildPhase section */
		3F6A41332A2A6E580021EAA4 /* Frameworks */ = {
			isa = PBXFrameworksBuildPhase;
			buildActionMask = 2147483647;
			files = (
			);
			runOnlyForDeploymentPostprocessing = 0;
		};
		3F6A41432A2A6E5A0021EAA4 /* Frameworks */ = {
			isa = PBXFrameworksBuildPhase;
			buildActionMask = 2147483647;
			files = (
			);
			runOnlyForDeploymentPostprocessing = 0;
		};
		3F6A414D2A2A6E5A0021EAA4 /* Frameworks */ = {
			isa = PBXFrameworksBuildPhase;
			buildActionMask = 2147483647;
			files = (
			);
			runOnlyForDeploymentPostprocessing = 0;
		};
/* End PBXFrameworksBuildPhase section */

/* Begin PBXGroup section */
		3F2BBEEA2A2CFFCC008719FD /* _docs */ = {
			isa = PBXGroup;
			children = (
				3F2BBEEB2A2CFFDE008719FD /* TODO.md */,
				3F2BBEF82A2D0D52008719FD /* RFER.md */,
			);
			path = _docs;
			sourceTree = "<group>";
		};
		3F2BBEEC2A2D0085008719FD /* section3 */ = {
			isa = PBXGroup;
			children = (
				3F2BBEED2A2D0095008719FD /* oneDot3.swift */,
			);
			path = section3;
			sourceTree = "<group>";
		};
		3F2BBEEF2A2D012A008719FD /* section4 */ = {
			isa = PBXGroup;
			children = (
				3F2BBEF12A2D013D008719FD /* oneDot4.swift */,
			);
			path = section4;
			sourceTree = "<group>";
		};
		3F6A412D2A2A6E580021EAA4 = {
			isa = PBXGroup;
			children = (
				3F2BBEEA2A2CFFCC008719FD /* _docs */,
				3F6A41632A2A6EA30021EAA4 /* README.md */,
				3F6A41382A2A6E580021EAA4 /* Bookworm */,
				3F6A41492A2A6E5A0021EAA4 /* BookwormTests */,
				3F6A41532A2A6E5A0021EAA4 /* BookwormUITests */,
				3F6A41372A2A6E580021EAA4 /* Products */,
			);
			sourceTree = "<group>";
		};
		3F6A41372A2A6E580021EAA4 /* Products */ = {
			isa = PBXGroup;
			children = (
				3F6A41362A2A6E580021EAA4 /* Bookworm.app */,
				3F6A41462A2A6E5A0021EAA4 /* BookwormTests.xctest */,
				3F6A41502A2A6E5A0021EAA4 /* BookwormUITests.xctest */,
			);
			name = Products;
			sourceTree = "<group>";
		};
		3F6A41382A2A6E580021EAA4 /* Bookworm */ = {
			isa = PBXGroup;
			children = (
				3F2BBEF32A2D03C9008719FD /* Bookworm.xcdatamodeld */,
				3FECBF242A2BA10D001D30A8 /* part1 */,
				3F6A41392A2A6E580021EAA4 /* BookwormApp.swift */,
				3F6A413B2A2A6E580021EAA4 /* ContentView.swift */,
				3F6A413D2A2A6E5A0021EAA4 /* Assets.xcassets */,
				3F6A413F2A2A6E5A0021EAA4 /* Preview Content */,
				3F2BBEF62A2D045D008719FD /* DataController.swift */,
			);
			path = Bookworm;
			sourceTree = "<group>";
		};
		3F6A413F2A2A6E5A0021EAA4 /* Preview Content */ = {
			isa = PBXGroup;
			children = (
				3F6A41402A2A6E5A0021EAA4 /* Preview Assets.xcassets */,
			);
			path = "Preview Content";
			sourceTree = "<group>";
		};
		3F6A41492A2A6E5A0021EAA4 /* BookwormTests */ = {
			isa = PBXGroup;
			children = (
				3F6A414A2A2A6E5A0021EAA4 /* BookwormTests.swift */,
			);
			path = BookwormTests;
			sourceTree = "<group>";
		};
		3F6A41532A2A6E5A0021EAA4 /* BookwormUITests */ = {
			isa = PBXGroup;
			children = (
				3F6A41542A2A6E5A0021EAA4 /* BookwormUITests.swift */,
				3F6A41562A2A6E5A0021EAA4 /* BookwormUITestsLaunchTests.swift */,
			);
			path = BookwormUITests;
			sourceTree = "<group>";
		};
		3FECBF242A2BA10D001D30A8 /* part1 */ = {
			isa = PBXGroup;
			children = (
				3F2BBEEF2A2D012A008719FD /* section4 */,
				3F2BBEEC2A2D0085008719FD /* section3 */,
				3FECBF252A2BA152001D30A8 /* section2 */,
			);
			path = part1;
			sourceTree = "<group>";
		};
		3FECBF252A2BA152001D30A8 /* section2 */ = {
			isa = PBXGroup;
			children = (
				3FECBF282A2BA194001D30A8 /* oneDot2.swift */,
			);
			path = section2;
			sourceTree = "<group>";
		};
/* End PBXGroup section */

/* Begin PBXNativeTarget section */
		3F6A41352A2A6E580021EAA4 /* Bookworm */ = {
			isa = PBXNativeTarget;
			buildConfigurationList = 3F6A415A2A2A6E5A0021EAA4 /* Build configuration list for PBXNativeTarget "Bookworm" */;
			buildPhases = (
				3F6A41322A2A6E580021EAA4 /* Sources */,
				3F6A41332A2A6E580021EAA4 /* Frameworks */,
				3F6A41342A2A6E580021EAA4 /* Resources */,
			);
			buildRules = (
			);
			dependencies = (
			);
			name = Bookworm;
			productName = Bookworm;
			productReference = 3F6A41362A2A6E580021EAA4 /* Bookworm.app */;
			productType = "com.apple.product-type.application";
		};
		3F6A41452A2A6E5A0021EAA4 /* BookwormTests */ = {
			isa = PBXNativeTarget;
			buildConfigurationList = 3F6A415D2A2A6E5A0021EAA4 /* Build configuration list for PBXNativeTarget "BookwormTests" */;
			buildPhases = (
				3F6A41422A2A6E5A0021EAA4 /* Sources */,
				3F6A41432A2A6E5A0021EAA4 /* Frameworks */,
				3F6A41442A2A6E5A0021EAA4 /* Resources */,
			);
			buildRules = (
			);
			dependencies = (
				3F6A41482A2A6E5A0021EAA4 /* PBXTargetDependency */,
			);
			name = BookwormTests;
			productName = BookwormTests;
			productReference = 3F6A41462A2A6E5A0021EAA4 /* BookwormTests.xctest */;
			productType = "com.apple.product-type.bundle.unit-test";
		};
		3F6A414F2A2A6E5A0021EAA4 /* BookwormUITests */ = {
			isa = PBXNativeTarget;
			buildConfigurationList = 3F6A41602A2A6E5A0021EAA4 /* Build configuration list for PBXNativeTarget "BookwormUITests" */;
			buildPhases = (
				3F6A414C2A2A6E5A0021EAA4 /* Sources */,
				3F6A414D2A2A6E5A0021EAA4 /* Frameworks */,
				3F6A414E2A2A6E5A0021EAA4 /* Resources */,
			);
			buildRules = (
			);
			dependencies = (
				3F6A41522A2A6E5A0021EAA4 /* PBXTargetDependency */,
			);
			name = BookwormUITests;
			productName = BookwormUITests;
			productReference = 3F6A41502A2A6E5A0021EAA4 /* BookwormUITests.xctest */;
			productType = "com.apple.product-type.bundle.ui-testing";
		};
/* End PBXNativeTarget section */

/* Begin PBXProject section */
		3F6A412E2A2A6E580021EAA4 /* Project object */ = {
			isa = PBXProject;
			attributes = {
				BuildIndependentTargetsInParallel = 1;
				LastSwiftUpdateCheck = 1430;
				LastUpgradeCheck = 1430;
				TargetAttributes = {
					3F6A41352A2A6E580021EAA4 = {
						CreatedOnToolsVersion = 14.3;
					};
					3F6A41452A2A6E5A0021EAA4 = {
						CreatedOnToolsVersion = 14.3;
						TestTargetID = 3F6A41352A2A6E580021EAA4;
					};
					3F6A414F2A2A6E5A0021EAA4 = {
						CreatedOnToolsVersion = 14.3;
						TestTargetID = 3F6A41352A2A6E580021EAA4;
					};
				};
			};
			buildConfigurationList = 3F6A41312A2A6E580021EAA4 /* Build configuration list for PBXProject "Bookworm" */;
			compatibilityVersion = "Xcode 14.0";
			developmentRegion = en;
			hasScannedForEncodings = 0;
			knownRegions = (
				en,
				Base,
			);
			mainGroup = 3F6A412D2A2A6E580021EAA4;
			productRefGroup = 3F6A41372A2A6E580021EAA4 /* Products */;
			projectDirPath = "";
			projectRoot = "";
			targets = (
				3F6A41352A2A6E580021EAA4 /* Bookworm */,
				3F6A41452A2A6E5A0021EAA4 /* BookwormTests */,
				3F6A414F2A2A6E5A0021EAA4 /* BookwormUITests */,
			);
		};
/* End PBXProject section */

/* Begin PBXResourcesBuildPhase section */
		3F6A41342A2A6E580021EAA4 /* Resources */ = {
			isa = PBXResourcesBuildPhase;
			buildActionMask = 2147483647;
			files = (
				3F6A41412A2A6E5A0021EAA4 /* Preview Assets.xcassets in Resources */,
				3F6A413E2A2A6E5A0021EAA4 /* Assets.xcassets in Resources */,
			);
			runOnlyForDeploymentPostprocessing = 0;
		};
		3F6A41442A2A6E5A0021EAA4 /* Resources */ = {
			isa = PBXResourcesBuildPhase;
			buildActionMask = 2147483647;
			files = (
			);
			runOnlyForDeploymentPostprocessing = 0;
		};
		3F6A414E2A2A6E5A0021EAA4 /* Resources */ = {
			isa = PBXResourcesBuildPhase;
			buildActionMask = 2147483647;
			files = (
			);
			runOnlyForDeploymentPostprocessing = 0;
		};
/* End PBXResourcesBuildPhase section */

/* Begin PBXSourcesBuildPhase section */
		3F6A41322A2A6E580021EAA4 /* Sources */ = {
			isa = PBXSourcesBuildPhase;
			buildActionMask = 2147483647;
			files = (
				3F2BBEF72A2D045D008719FD /* DataController.swift in Sources */,
				3F2BBEF22A2D013D008719FD /* oneDot4.swift in Sources */,
				3F2BBEF52A2D03C9008719FD /* Bookworm.xcdatamodeld in Sources */,
				3F2BBEEE2A2D0095008719FD /* oneDot3.swift in Sources */,
				3FECBF292A2BA195001D30A8 /* oneDot2.swift in Sources */,
				3F6A413C2A2A6E580021EAA4 /* ContentView.swift in Sources */,
				3F6A413A2A2A6E580021EAA4 /* BookwormApp.swift in Sources */,
			);
			runOnlyForDeploymentPostprocessing = 0;
		};
		3F6A41422A2A6E5A0021EAA4 /* Sources */ = {
			isa = PBXSourcesBuildPhase;
			buildActionMask = 2147483647;
			files = (
				3F6A414B2A2A6E5A0021EAA4 /* BookwormTests.swift in Sources */,
			);
			runOnlyForDeploymentPostprocessing = 0;
		};
		3F6A414C2A2A6E5A0021EAA4 /* Sources */ = {
			isa = PBXSourcesBuildPhase;
			buildActionMask = 2147483647;
			files = (
				3F6A41572A2A6E5A0021EAA4 /* BookwormUITestsLaunchTests.swift in Sources */,
				3F6A41552A2A6E5A0021EAA4 /* BookwormUITests.swift in Sources */,
			);
			runOnlyForDeploymentPostprocessing = 0;
		};
/* End PBXSourcesBuildPhase section */

/* Begin PBXTargetDependency section */
		3F6A41482A2A6E5A0021EAA4 /* PBXTargetDependency */ = {
			isa = PBXTargetDependency;
			target = 3F6A41352A2A6E580021EAA4 /* Bookworm */;
			targetProxy = 3F6A41472A2A6E5A0021EAA4 /* PBXContainerItemProxy */;
		};
		3F6A41522A2A6E5A0021EAA4 /* PBXTargetDependency */ = {
			isa = PBXTargetDependency;
			target = 3F6A41352A2A6E580021EAA4 /* Bookworm */;
			targetProxy = 3F6A41512A2A6E5A0021EAA4 /* PBXContainerItemProxy */;
		};
/* End PBXTargetDependency section */

/* Begin XCBuildConfiguration section */
		3F6A41582A2A6E5A0021EAA4 /* Debug */ = {
			isa = XCBuildConfiguration;
			buildSettings = {
				ALWAYS_SEARCH_USER_PATHS = NO;
				CLANG_ANALYZER_NONNULL = YES;
				CLANG_ANALYZER_NUMBER_OBJECT_CONVERSION = YES_AGGRESSIVE;
				CLANG_CXX_LANGUAGE_STANDARD = "gnu++20";
				CLANG_ENABLE_MODULES = YES;
				CLANG_ENABLE_OBJC_ARC = YES;
				CLANG_ENABLE_OBJC_WEAK = YES;
				CLANG_WARN_BLOCK_CAPTURE_AUTORELEASING = YES;
				CLANG_WARN_BOOL_CONVERSION = YES;
				CLANG_WARN_COMMA = YES;
				CLANG_WARN_CONSTANT_CONVERSION = YES;
				CLANG_WARN_DEPRECATED_OBJC_IMPLEMENTATIONS = YES;
				CLANG_WARN_DIRECT_OBJC_ISA_USAGE = YES_ERROR;
				CLANG_WARN_DOCUMENTATION_COMMENTS = YES;
				CLANG_WARN_EMPTY_BODY = YES;
				CLANG_WARN_ENUM_CONVERSION = YES;
				CLANG_WARN_INFINITE_RECURSION = YES;
				CLANG_WARN_INT_CONVERSION = YES;
				CLANG_WARN_NON_LITERAL_NULL_CONVERSION = YES;
				CLANG_WARN_OBJC_IMPLICIT_RETAIN_SELF = YES;
				CLANG_WARN_OBJC_LITERAL_CONVERSION = YES;
				CLANG_WARN_OBJC_ROOT_CLASS = YES_ERROR;
				CLANG_WARN_QUOTED_INCLUDE_IN_FRAMEWORK_HEADER = YES;
				CLANG_WARN_RANGE_LOOP_ANALYSIS = YES;
				CLANG_WARN_STRICT_PROTOTYPES = YES;
				CLANG_WARN_SUSPICIOUS_MOVE = YES;
				CLANG_WARN_UNGUARDED_AVAILABILITY = YES_AGGRESSIVE;
				CLANG_WARN_UNREACHABLE_CODE = YES;
				CLANG_WARN__DUPLICATE_METHOD_MATCH = YES;
				COPY_PHASE_STRIP = NO;
				DEBUG_INFORMATION_FORMAT = dwarf;
				ENABLE_STRICT_OBJC_MSGSEND = YES;
				ENABLE_TESTABILITY = YES;
				GCC_C_LANGUAGE_STANDARD = gnu11;
				GCC_DYNAMIC_NO_PIC = NO;
				GCC_NO_COMMON_BLOCKS = YES;
				GCC_OPTIMIZATION_LEVEL = 0;
				GCC_PREPROCESSOR_DEFINITIONS = (
					"DEBUG=1",
					"$(inherited)",
				);
				GCC_WARN_64_TO_32_BIT_CONVERSION = YES;
				GCC_WARN_ABOUT_RETURN_TYPE = YES_ERROR;
				GCC_WARN_UNDECLARED_SELECTOR = YES;
				GCC_WARN_UNINITIALIZED_AUTOS = YES_AGGRESSIVE;
				GCC_WARN_UNUSED_FUNCTION = YES;
				GCC_WARN_UNUSED_VARIABLE = YES;
				IPHONEOS_DEPLOYMENT_TARGET = 16.4;
				MTL_ENABLE_DEBUG_INFO = INCLUDE_SOURCE;
				MTL_FAST_MATH = YES;
				ONLY_ACTIVE_ARCH = YES;
				SDKROOT = iphoneos;
				SWIFT_ACTIVE_COMPILATION_CONDITIONS = DEBUG;
				SWIFT_OPTIMIZATION_LEVEL = "-Onone";
			};
			name = Debug;
		};
		3F6A41592A2A6E5A0021EAA4 /* Release */ = {
			isa = XCBuildConfiguration;
			buildSettings = {
				ALWAYS_SEARCH_USER_PATHS = NO;
				CLANG_ANALYZER_NONNULL = YES;
				CLANG_ANALYZER_NUMBER_OBJECT_CONVERSION = YES_AGGRESSIVE;
				CLANG_CXX_LANGUAGE_STANDARD = "gnu++20";
				CLANG_ENABLE_MODULES = YES;
				CLANG_ENABLE_OBJC_ARC = YES;
				CLANG_ENABLE_OBJC_WEAK = YES;
				CLANG_WARN_BLOCK_CAPTURE_AUTORELEASING = YES;
				CLANG_WARN_BOOL_CONVERSION = YES;
				CLANG_WARN_COMMA = YES;
				CLANG_WARN_CONSTANT_CONVERSION = YES;
				CLANG_WARN_DEPRECATED_OBJC_IMPLEMENTATIONS = YES;
				CLANG_WARN_DIRECT_OBJC_ISA_USAGE = YES_ERROR;
				CLANG_WARN_DOCUMENTATION_COMMENTS = YES;
				CLANG_WARN_EMPTY_BODY = YES;
				CLANG_WARN_ENUM_CONVERSION = YES;
				CLANG_WARN_INFINITE_RECURSION = YES;
				CLANG_WARN_INT_CONVERSION = YES;
				CLANG_WARN_NON_LITERAL_NULL_CONVERSION = YES;
				CLANG_WARN_OBJC_IMPLICIT_RETAIN_SELF = YES;
				CLANG_WARN_OBJC_LITERAL_CONVERSION = YES;
				CLANG_WARN_OBJC_ROOT_CLASS = YES_ERROR;
				CLANG_WARN_QUOTED_INCLUDE_IN_FRAMEWORK_HEADER = YES;
				CLANG_WARN_RANGE_LOOP_ANALYSIS = YES;
				CLANG_WARN_STRICT_PROTOTYPES = YES;
				CLANG_WARN_SUSPICIOUS_MOVE = YES;
				CLANG_WARN_UNGUARDED_AVAILABILITY = YES_AGGRESSIVE;
				CLANG_WARN_UNREACHABLE_CODE = YES;
				CLANG_WARN__DUPLICATE_METHOD_MATCH = YES;
				COPY_PHASE_STRIP = NO;
				DEBUG_INFORMATION_FORMAT = "dwarf-with-dsym";
				ENABLE_NS_ASSERTIONS = NO;
				ENABLE_STRICT_OBJC_MSGSEND = YES;
				GCC_C_LANGUAGE_STANDARD = gnu11;
				GCC_NO_COMMON_BLOCKS = YES;
				GCC_WARN_64_TO_32_BIT_CONVERSION = YES;
				GCC_WARN_ABOUT_RETURN_TYPE = YES_ERROR;
				GCC_WARN_UNDECLARED_SELECTOR = YES;
				GCC_WARN_UNINITIALIZED_AUTOS = YES_AGGRESSIVE;
				GCC_WARN_UNUSED_FUNCTION = YES;
				GCC_WARN_UNUSED_VARIABLE = YES;
				IPHONEOS_DEPLOYMENT_TARGET = 16.4;
				MTL_ENABLE_DEBUG_INFO = NO;
				MTL_FAST_MATH = YES;
				SDKROOT = iphoneos;
				SWIFT_COMPILATION_MODE = wholemodule;
				SWIFT_OPTIMIZATION_LEVEL = "-O";
				VALIDATE_PRODUCT = YES;
			};
			name = Release;
		};
		3F6A415B2A2A6E5A0021EAA4 /* Debug */ = {
			isa = XCBuildConfiguration;
			buildSettings = {
				ASSETCATALOG_COMPILER_APPICON_NAME = AppIcon;
				ASSETCATALOG_COMPILER_GLOBAL_ACCENT_COLOR_NAME = AccentColor;
				CODE_SIGN_STYLE = Automatic;
				CURRENT_PROJECT_VERSION = 1;
				DEVELOPMENT_ASSET_PATHS = "\"Bookworm/Preview Content\"";
				DEVELOPMENT_TEAM = W9872ZR7W8;
				ENABLE_PREVIEWS = YES;
				GENERATE_INFOPLIST_FILE = YES;
				INFOPLIST_KEY_UIApplicationSceneManifest_Generation = YES;
				INFOPLIST_KEY_UIApplicationSupportsIndirectInputEvents = YES;
				INFOPLIST_KEY_UILaunchScreen_Generation = YES;
				INFOPLIST_KEY_UISupportedInterfaceOrientations_iPad = "UIInterfaceOrientationPortrait UIInterfaceOrientationPortraitUpsideDown UIInterfaceOrientationLandscapeLeft UIInterfaceOrientationLandscapeRight";
				INFOPLIST_KEY_UISupportedInterfaceOrientations_iPhone = "UIInterfaceOrientationPortrait UIInterfaceOrientationLandscapeLeft UIInterfaceOrientationLandscapeRight";
				LD_RUNPATH_SEARCH_PATHS = (
					"$(inherited)",
					"@executable_path/Frameworks",
				);
				MARKETING_VERSION = 1.0;
				PRODUCT_BUNDLE_IDENTIFIER = SeikaHirori.Bookworm;
				PRODUCT_NAME = "$(TARGET_NAME)";
				SWIFT_EMIT_LOC_STRINGS = YES;
				SWIFT_VERSION = 5.0;
				TARGETED_DEVICE_FAMILY = "1,2";
			};
			name = Debug;
		};
		3F6A415C2A2A6E5A0021EAA4 /* Release */ = {
			isa = XCBuildConfiguration;
			buildSettings = {
				ASSETCATALOG_COMPILER_APPICON_NAME = AppIcon;
				ASSETCATALOG_COMPILER_GLOBAL_ACCENT_COLOR_NAME = AccentColor;
				CODE_SIGN_STYLE = Automatic;
				CURRENT_PROJECT_VERSION = 1;
				DEVELOPMENT_ASSET_PATHS = "\"Bookworm/Preview Content\"";
				DEVELOPMENT_TEAM = W9872ZR7W8;
				ENABLE_PREVIEWS = YES;
				GENERATE_INFOPLIST_FILE = YES;
				INFOPLIST_KEY_UIApplicationSceneManifest_Generation = YES;
				INFOPLIST_KEY_UIApplicationSupportsIndirectInputEvents = YES;
				INFOPLIST_KEY_UILaunchScreen_Generation = YES;
				INFOPLIST_KEY_UISupportedInterfaceOrientations_iPad = "UIInterfaceOrientationPortrait UIInterfaceOrientationPortraitUpsideDown UIInterfaceOrientationLandscapeLeft UIInterfaceOrientationLandscapeRight";
				INFOPLIST_KEY_UISupportedInterfaceOrientations_iPhone = "UIInterfaceOrientationPortrait UIInterfaceOrientationLandscapeLeft UIInterfaceOrientationLandscapeRight";
				LD_RUNPATH_SEARCH_PATHS = (
					"$(inherited)",
					"@executable_path/Frameworks",
				);
				MARKETING_VERSION = 1.0;
				PRODUCT_BUNDLE_IDENTIFIER = SeikaHirori.Bookworm;
				PRODUCT_NAME = "$(TARGET_NAME)";
				SWIFT_EMIT_LOC_STRINGS = YES;
				SWIFT_VERSION = 5.0;
				TARGETED_DEVICE_FAMILY = "1,2";
			};
			name = Release;
		};
		3F6A415E2A2A6E5A0021EAA4 /* Debug */ = {
			isa = XCBuildConfiguration;
			buildSettings = {
				ALWAYS_EMBED_SWIFT_STANDARD_LIBRARIES = YES;
				BUNDLE_LOADER = "$(TEST_HOST)";
				CODE_SIGN_STYLE = Automatic;
				CURRENT_PROJECT_VERSION = 1;
				DEVELOPMENT_TEAM = W9872ZR7W8;
				GENERATE_INFOPLIST_FILE = YES;
				IPHONEOS_DEPLOYMENT_TARGET = 16.4;
				MARKETING_VERSION = 1.0;
				PRODUCT_BUNDLE_IDENTIFIER = SeikaHirori.BookwormTests;
				PRODUCT_NAME = "$(TARGET_NAME)";
				SWIFT_EMIT_LOC_STRINGS = NO;
				SWIFT_VERSION = 5.0;
				TARGETED_DEVICE_FAMILY = "1,2";
				TEST_HOST = "$(BUILT_PRODUCTS_DIR)/Bookworm.app/$(BUNDLE_EXECUTABLE_FOLDER_PATH)/Bookworm";
			};
			name = Debug;
		};
		3F6A415F2A2A6E5A0021EAA4 /* Release */ = {
			isa = XCBuildConfiguration;
			buildSettings = {
				ALWAYS_EMBED_SWIFT_STANDARD_LIBRARIES = YES;
				BUNDLE_LOADER = "$(TEST_HOST)";
				CODE_SIGN_STYLE = Automatic;
				CURRENT_PROJECT_VERSION = 1;
				DEVELOPMENT_TEAM = W9872ZR7W8;
				GENERATE_INFOPLIST_FILE = YES;
				IPHONEOS_DEPLOYMENT_TARGET = 16.4;
				MARKETING_VERSION = 1.0;
				PRODUCT_BUNDLE_IDENTIFIER = SeikaHirori.BookwormTests;
				PRODUCT_NAME = "$(TARGET_NAME)";
				SWIFT_EMIT_LOC_STRINGS = NO;
				SWIFT_VERSION = 5.0;
				TARGETED_DEVICE_FAMILY = "1,2";
				TEST_HOST = "$(BUILT_PRODUCTS_DIR)/Bookworm.app/$(BUNDLE_EXECUTABLE_FOLDER_PATH)/Bookworm";
			};
			name = Release;
		};
		3F6A41612A2A6E5A0021EAA4 /* Debug */ = {
			isa = XCBuildConfiguration;
			buildSettings = {
				ALWAYS_EMBED_SWIFT_STANDARD_LIBRARIES = YES;
				CODE_SIGN_STYLE = Automatic;
				CURRENT_PROJECT_VERSION = 1;
				DEVELOPMENT_TEAM = W9872ZR7W8;
				GENERATE_INFOPLIST_FILE = YES;
				MARKETING_VERSION = 1.0;
				PRODUCT_BUNDLE_IDENTIFIER = SeikaHirori.BookwormUITests;
				PRODUCT_NAME = "$(TARGET_NAME)";
				SWIFT_EMIT_LOC_STRINGS = NO;
				SWIFT_VERSION = 5.0;
				TARGETED_DEVICE_FAMILY = "1,2";
				TEST_TARGET_NAME = Bookworm;
			};
			name = Debug;
		};
		3F6A41622A2A6E5A0021EAA4 /* Release */ = {
			isa = XCBuildConfiguration;
			buildSettings = {
				ALWAYS_EMBED_SWIFT_STANDARD_LIBRARIES = YES;
				CODE_SIGN_STYLE = Automatic;
				CURRENT_PROJECT_VERSION = 1;
				DEVELOPMENT_TEAM = W9872ZR7W8;
				GENERATE_INFOPLIST_FILE = YES;
				MARKETING_VERSION = 1.0;
				PRODUCT_BUNDLE_IDENTIFIER = SeikaHirori.BookwormUITests;
				PRODUCT_NAME = "$(TARGET_NAME)";
				SWIFT_EMIT_LOC_STRINGS = NO;
				SWIFT_VERSION = 5.0;
				TARGETED_DEVICE_FAMILY = "1,2";
				TEST_TARGET_NAME = Bookworm;
			};
			name = Release;
		};
/* End XCBuildConfiguration section */

/* Begin XCConfigurationList section */
		3F6A41312A2A6E580021EAA4 /* Build configuration list for PBXProject "Bookworm" */ = {
			isa = XCConfigurationList;
			buildConfigurations = (
				3F6A41582A2A6E5A0021EAA4 /* Debug */,
				3F6A41592A2A6E5A0021EAA4 /* Release */,
			);
			defaultConfigurationIsVisible = 0;
			defaultConfigurationName = Release;
		};
		3F6A415A2A2A6E5A0021EAA4 /* Build configuration list for PBXNativeTarget "Bookworm" */ = {
			isa = XCConfigurationList;
			buildConfigurations = (
				3F6A415B2A2A6E5A0021EAA4 /* Debug */,
				3F6A415C2A2A6E5A0021EAA4 /* Release */,
			);
			defaultConfigurationIsVisible = 0;
			defaultConfigurationName = Release;
		};
		3F6A415D2A2A6E5A0021EAA4 /* Build configuration list for PBXNativeTarget "BookwormTests" */ = {
			isa = XCConfigurationList;
			buildConfigurations = (
				3F6A415E2A2A6E5A0021EAA4 /* Debug */,
				3F6A415F2A2A6E5A0021EAA4 /* Release */,
			);
			defaultConfigurationIsVisible = 0;
			defaultConfigurationName = Release;
		};
		3F6A41602A2A6E5A0021EAA4 /* Build configuration list for PBXNativeTarget "BookwormUITests" */ = {
			isa = XCConfigurationList;
			buildConfigurations = (
				3F6A41612A2A6E5A0021EAA4 /* Debug */,
				3F6A41622A2A6E5A0021EAA4 /* Release */,
			);
			defaultConfigurationIsVisible = 0;
			defaultConfigurationName = Release;
		};
/* End XCConfigurationList section */

/* Begin XCVersionGroup section */
		3F2BBEF32A2D03C9008719FD /* Bookworm.xcdatamodeld */ = {
			isa = XCVersionGroup;
			children = (
				3F2BBEF42A2D03C9008719FD /* Bookworm.xcdatamodel */,
			);
			currentVersion = 3F2BBEF42A2D03C9008719FD /* Bookworm.xcdatamodel */;
			path = Bookworm.xcdatamodeld;
			sourceTree = "<group>";
			versionGroupType = wrapper.xcdatamodel;
		};
/* End XCVersionGroup section */
	};
	rootObject = 3F6A412E2A2A6E580021EAA4 /* Project object */;
}
